{
  "lockfileVersion": 1,
  "geanies": {
    "llm_chat": {
      "wish": 54,
      "sha": "8132f34abe4e7fbed330261fd3c066eacc643e0d",
      "boundAt": "2026-10-07T16:35:18.996252",
      "installedSha": "8132f34abe4e7fbed330261fd3c066eacc643e0d",
      "origin": "git@github.com:SupposedlySam/llm_chat.git",
      "history": [
        {
          "wish": 50,
          "sha": "c637df37285c13f8e2201d7edf68860977d26e59",
          "boundAt": "2026-10-06T12:59:59.342685"
        }
      ]
    }
  }
}
